// !$*UTF8*$!
{
	archiveVersion = 1;
	classes = {
	};
	objectVersion = 56;
	objects = {

/* Begin PBXBuildFile section */
		D03D7BC82A5BF5D100B4EAB1 /* zadanieApp.swift in Sources */ = {isa = PBXBuildFile; fileRef = D03D7BC72A5BF5D100B4EAB1 /* zadanieApp.swift */; };
		D03D7BCC2A5BF5D200B4EAB1 /* Assets.xcassets in Resources */ = {isa = PBXBuildFile; fileRef = D03D7BCB2A5BF5D200B4EAB1 /* Assets.xcassets */; };
		D03D7BCF2A5BF5D200B4EAB1 /* Preview Assets.xcassets in Resources */ = {isa = PBXBuildFile; fileRef = D03D7BCE2A5BF5D200B4EAB1 /* Preview Assets.xcassets */; };
		D03D7BD92A5BF5D200B4EAB1 /* zadanieTests.swift in Sources */ = {isa = PBXBuildFile; fileRef = D03D7BD82A5BF5D200B4EAB1 /* zadanieTests.swift */; };
		D03D7BE32A5BF5D200B4EAB1 /* zadanieUITests.swift in Sources */ = {isa = PBXBuildFile; fileRef = D03D7BE22A5BF5D200B4EAB1 /* zadanieUITests.swift */; };
		D03D7BE52A5BF5D200B4EAB1 /* zadanieUITestsLaunchTests.swift in Sources */ = {isa = PBXBuildFile; fileRef = D03D7BE42A5BF5D200B4EAB1 /* zadanieUITestsLaunchTests.swift */; };
		D081FEF12A5C036100D21D5F /* Product.swift in Sources */ = {isa = PBXBuildFile; fileRef = D081FEF02A5C036100D21D5F /* Product.swift */; };
		D081FEF32A5C038900D21D5F /* Category.swift in Sources */ = {isa = PBXBuildFile; fileRef = D081FEF22A5C038900D21D5F /* Category.swift */; };
		D081FEF52A5C03C600D21D5F /* ProductListView.swift in Sources */ = {isa = PBXBuildFile; fileRef = D081FEF42A5C03C600D21D5F /* ProductListView.swift */; };
		D081FEF72A5C03DE00D21D5F /* ProductDetailView.swift in Sources */ = {isa = PBXBuildFile; fileRef = D081FEF62A5C03DE00D21D5F /* ProductDetailView.swift */; };
		D081FEF92A5C03FE00D21D5F /* NetworkManager.swift in Sources */ = {isa = PBXBuildFile; fileRef = D081FEF82A5C03FE00D21D5F /* NetworkManager.swift */; };
		D081FEFB2A5C043000D21D5F /* ProductListViewModel.swift in Sources */ = {isa = PBXBuildFile; fileRef = D081FEFA2A5C043000D21D5F /* ProductListViewModel.swift */; };
		D081FEFD2A5C045000D21D5F /* ProductDetailViewModel.swift in Sources */ = {isa = PBXBuildFile; fileRef = D081FEFC2A5C045000D21D5F /* ProductDetailViewModel.swift */; };
		D081FF002A5C051D00D21D5F /* Alamofire in Frameworks */ = {isa = PBXBuildFile; productRef = D081FEFF2A5C051D00D21D5F /* Alamofire */; };
		D096C1982A5C42B900EE842E /* PromiseKit in Frameworks */ = {isa = PBXBuildFile; productRef = D096C1972A5C42B900EE842E /* PromiseKit */; };
/* End PBXBuildFile section */

/* Begin PBXContainerItemProxy section */
		D03D7BD52A5BF5D200B4EAB1 /* PBXContainerItemProxy */ = {
			isa = PBXContainerItemProxy;
			containerPortal = D03D7BBC2A5BF5D100B4EAB1 /* Project object */;
			proxyType = 1;
			remoteGlobalIDString = D03D7BC32A5BF5D100B4EAB1;
			remoteInfo = zadanie;
		};
		D03D7BDF2A5BF5D200B4EAB1 /* PBXContainerItemProxy */ = {
			isa = PBXContainerItemProxy;
			containerPortal = D03D7BBC2A5BF5D100B4EAB1 /* Project object */;
			proxyType = 1;
			remoteGlobalIDString = D03D7BC32A5BF5D100B4EAB1;
			remoteInfo = zadanie;
		};
/* End PBXContainerItemProxy section */

/* Begin PBXFileReference section */
		D03D7BC42A5BF5D100B4EAB1 /* zadanie.app */ = {isa = PBXFileReference; explicitFileType = wrapper.application; includeInIndex = 0; path = zadanie.app; sourceTree = BUILT_PRODUCTS_DIR; };
		D03D7BC72A5BF5D100B4EAB1 /* zadanieApp.swift */ = {isa = PBXFileReference; lastKnownFileType = sourcecode.swift; path = zadanieApp.swift; sourceTree = "<group>"; };
		D03D7BCB2A5BF5D200B4EAB1 /* Assets.xcassets */ = {isa = PBXFileReference; lastKnownFileType = folder.assetcatalog; path = Assets.xcassets; sourceTree = "<group>"; };
		D03D7BCE2A5BF5D200B4EAB1 /* Preview Assets.xcassets */ = {isa = PBXFileReference; lastKnownFileType = folder.assetcatalog; path = "Preview Assets.xcassets"; sourceTree = "<group>"; };
		D03D7BD42A5BF5D200B4EAB1 /* zadanieTests.xctest */ = {isa = PBXFileReference; explicitFileType = wrapper.cfbundle; includeInIndex = 0; path = zadanieTests.xctest; sourceTree = BUILT_PRODUCTS_DIR; };
		D03D7BD82A5BF5D200B4EAB1 /* zadanieTests.swift */ = {isa = PBXFileReference; lastKnownFileType = sourcecode.swift; path = zadanieTests.swift; sourceTree = "<group>"; };
		D03D7BDE2A5BF5D200B4EAB1 /* zadanieUITests.xctest */ = {isa = PBXFileReference; explicitFileType = wrapper.cfbundle; includeInIndex = 0; path = zadanieUITests.xctest; sourceTree = BUILT_PRODUCTS_DIR; };
		D03D7BE22A5BF5D200B4EAB1 /* zadanieUITests.swift */ = {isa = PBXFileReference; lastKnownFileType = sourcecode.swift; path = zadanieUITests.swift; sourceTree = "<group>"; };
		D03D7BE42A5BF5D200B4EAB1 /* zadanieUITestsLaunchTests.swift */ = {isa = PBXFileReference; lastKnownFileType = sourcecode.swift; path = zadanieUITestsLaunchTests.swift; sourceTree = "<group>"; };
		D081FEF02A5C036100D21D5F /* Product.swift */ = {isa = PBXFileReference; lastKnownFileType = sourcecode.swift; path = Product.swift; sourceTree = "<group>"; };
		D081FEF22A5C038900D21D5F /* Category.swift */ = {isa = PBXFileReference; lastKnownFileType = sourcecode.swift; path = Category.swift; sourceTree = "<group>"; };
		D081FEF42A5C03C600D21D5F /* ProductListView.swift */ = {isa = PBXFileReference; lastKnownFileType = sourcecode.swift; path = ProductListView.swift; sourceTree = "<group>"; };
		D081FEF62A5C03DE00D21D5F /* ProductDetailView.swift */ = {isa = PBXFileReference; lastKnownFileType = sourcecode.swift; path = ProductDetailView.swift; sourceTree = "<group>"; };
		D081FEF82A5C03FE00D21D5F /* NetworkManager.swift */ = {isa = PBXFileReference; lastKnownFileType = sourcecode.swift; path = NetworkManager.swift; sourceTree = "<group>"; };
		D081FEFA2A5C043000D21D5F /* ProductListViewModel.swift */ = {isa = PBXFileReference; lastKnownFileType = sourcecode.swift; path = ProductListViewModel.swift; sourceTree = "<group>"; };
		D081FEFC2A5C045000D21D5F /* ProductDetailViewModel.swift */ = {isa = PBXFileReference; lastKnownFileType = sourcecode.swift; path = ProductDetailViewModel.swift; sourceTree = "<group>"; };
/* End PBXFileReference section */

/* Begin PBXFrameworksBuildPhase section */
		D03D7BC12A5BF5D100B4EAB1 /* Frameworks */ = {
			isa = PBXFrameworksBuildPhase;
			buildActionMask = 2147483647;
			files = (
				D081FF002A5C051D00D21D5F /* Alamofire in Frameworks */,
				D096C1982A5C42B900EE842E /* PromiseKit in Frameworks */,
			);
			runOnlyForDeploymentPostprocessing = 0;
		};
		D03D7BD12A5BF5D200B4EAB1 /* Frameworks */ = {
			isa = PBXFrameworksBuildPhase;
			buildActionMask = 2147483647;
			files = (
			);
			runOnlyForDeploymentPostprocessing = 0;
		};
		D03D7BDB2A5BF5D200B4EAB1 /* Frameworks */ = {
			isa = PBXFrameworksBuildPhase;
			buildActionMask = 2147483647;
			files = (
			);
			runOnlyForDeploymentPostprocessing = 0;
		};
/* End PBXFrameworksBuildPhase section */

/* Begin PBXGroup section */
		D03D7BBB2A5BF5D100B4EAB1 = {
			isa = PBXGroup;
			children = (
				D03D7BC62A5BF5D100B4EAB1 /* zadanie */,
				D03D7BD72A5BF5D200B4EAB1 /* zadanieTests */,
				D03D7BE12A5BF5D200B4EAB1 /* zadanieUITests */,
				D03D7BC52A5BF5D100B4EAB1 /* Products */,
			);
			sourceTree = "<group>";
		};
		D03D7BC52A5BF5D100B4EAB1 /* Products */ = {
			isa = PBXGroup;
			children = (
				D03D7BC42A5BF5D100B4EAB1 /* zadanie.app */,
				D03D7BD42A5BF5D200B4EAB1 /* zadanieTests.xctest */,
				D03D7BDE2A5BF5D200B4EAB1 /* zadanieUITests.xctest */,
			);
			name = Products;
			sourceTree = "<group>";
		};
		D03D7BC62A5BF5D100B4EAB1 /* zadanie */ = {
			isa = PBXGroup;
			children = (
				D081FEF02A5C036100D21D5F /* Product.swift */,
				D081FEF22A5C038900D21D5F /* Category.swift */,
				D081FEF42A5C03C600D21D5F /* ProductListView.swift */,
				D081FEF62A5C03DE00D21D5F /* ProductDetailView.swift */,
				D081FEF82A5C03FE00D21D5F /* NetworkManager.swift */,
				D081FEFA2A5C043000D21D5F /* ProductListViewModel.swift */,
				D081FEFC2A5C045000D21D5F /* ProductDetailViewModel.swift */,
				D03D7BC72A5BF5D100B4EAB1 /* zadanieApp.swift */,
				D03D7BCB2A5BF5D200B4EAB1 /* Assets.xcassets */,
				D03D7BCD2A5BF5D200B4EAB1 /* Preview Content */,
			);
			path = zadanie;
			sourceTree = "<group>";
		};
		D03D7BCD2A5BF5D200B4EAB1 /* Preview Content */ = {
			isa = PBXGroup;
			children = (
				D03D7BCE2A5BF5D200B4EAB1 /* Preview Assets.xcassets */,
			);
			path = "Preview Content";
			sourceTree = "<group>";
		};
		D03D7BD72A5BF5D200B4EAB1 /* zadanieTests */ = {
			isa = PBXGroup;
			children = (
				D03D7BD82A5BF5D200B4EAB1 /* zadanieTests.swift */,
			);
			path = zadanieTests;
			sourceTree = "<group>";
		};
		D03D7BE12A5BF5D200B4EAB1 /* zadanieUITests */ = {
			isa = PBXGroup;
			children = (
				D03D7BE22A5BF5D200B4EAB1 /* zadanieUITests.swift */,
				D03D7BE42A5BF5D200B4EAB1 /* zadanieUITestsLaunchTests.swift */,
			);
			path = zadanieUITests;
			sourceTree = "<group>";
		};
/* End PBXGroup section */

/* Begin PBXNativeTarget section */
		D03D7BC32A5BF5D100B4EAB1 /* zadanie */ = {
			isa = PBXNativeTarget;
			buildConfigurationList = D03D7BE82A5BF5D200B4EAB1 /* Build configuration list for PBXNativeTarget "zadanie" */;
			buildPhases = (
				D03D7BC02A5BF5D100B4EAB1 /* Sources */,
				D03D7BC12A5BF5D100B4EAB1 /* Frameworks */,
				D03D7BC22A5BF5D100B4EAB1 /* Resources */,
			);
			buildRules = (
			);
			dependencies = (
			);
			name = zadanie;
			packageProductDependencies = (
				D081FEFF2A5C051D00D21D5F /* Alamofire */,
				D096C1972A5C42B900EE842E /* PromiseKit */,
			);
			productName = zadanie;
			productReference = D03D7BC42A5BF5D100B4EAB1 /* zadanie.app */;
			productType = "com.apple.product-type.application";
		};
		D03D7BD32A5BF5D200B4EAB1 /* zadanieTests */ = {
			isa = PBXNativeTarget;
			buildConfigurationList = D03D7BEB2A5BF5D200B4EAB1 /* Build configuration list for PBXNativeTarget "zadanieTests" */;
			buildPhases = (
				D03D7BD02A5BF5D200B4EAB1 /* Sources */,
				D03D7BD12A5BF5D200B4EAB1 /* Frameworks */,
				D03D7BD22A5BF5D200B4EAB1 /* Resources */,
			);
			buildRules = (
			);
			dependencies = (
				D03D7BD62A5BF5D200B4EAB1 /* PBXTargetDependency */,
			);
			name = zadanieTests;
			productName = zadanieTests;
			productReference = D03D7BD42A5BF5D200B4EAB1 /* zadanieTests.xctest */;
			productType = "com.apple.product-type.bundle.unit-test";
		};
		D03D7BDD2A5BF5D200B4EAB1 /* zadanieUITests */ = {
			isa = PBXNativeTarget;
			buildConfigurationList = D03D7BEE2A5BF5D200B4EAB1 /* Build configuration list for PBXNativeTarget "zadanieUITests" */;
			buildPhases = (
				D03D7BDA2A5BF5D200B4EAB1 /* Sources */,
				D03D7BDB2A5BF5D200B4EAB1 /* Frameworks */,
				D03D7BDC2A5BF5D200B4EAB1 /* Resources */,
			);
			buildRules = (
			);
			dependencies = (
				D03D7BE02A5BF5D200B4EAB1 /* PBXTargetDependency */,
			);
			name = zadanieUITests;
			productName = zadanieUITests;
			productReference = D03D7BDE2A5BF5D200B4EAB1 /* zadanieUITests.xctest */;
			productType = "com.apple.product-type.bundle.ui-testing";
		};
/* End PBXNativeTarget section */

/* Begin PBXProject section */
		D03D7BBC2A5BF5D100B4EAB1 /* Project object */ = {
			isa = PBXProject;
			attributes = {
				BuildIndependentTargetsInParallel = 1;
				LastSwiftUpdateCheck = 1430;
				LastUpgradeCheck = 1430;
				TargetAttributes = {
					D03D7BC32A5BF5D100B4EAB1 = {
						CreatedOnToolsVersion = 14.3.1;
					};
					D03D7BD32A5BF5D200B4EAB1 = {
						CreatedOnToolsVersion = 14.3.1;
						TestTargetID = D03D7BC32A5BF5D100B4EAB1;
					};
					D03D7BDD2A5BF5D200B4EAB1 = {
						CreatedOnToolsVersion = 14.3.1;
						TestTargetID = D03D7BC32A5BF5D100B4EAB1;
					};
				};
			};
			buildConfigurationList = D03D7BBF2A5BF5D100B4EAB1 /* Build configuration list for PBXProject "zadanie" */;
			compatibilityVersion = "Xcode 14.0";
			developmentRegion = en;
			hasScannedForEncodings = 0;
			knownRegions = (
				en,
				Base,
			);
			mainGroup = D03D7BBB2A5BF5D100B4EAB1;
			packageReferences = (
				D081FEFE2A5C051D00D21D5F /* XCRemoteSwiftPackageReference "Alamofire" */,
				D096C1962A5C42B900EE842E /* XCRemoteSwiftPackageReference "PromiseKit" */,
			);
			productRefGroup = D03D7BC52A5BF5D100B4EAB1 /* Products */;
			projectDirPath = "";
			projectRoot = "";
			targets = (
				D03D7BC32A5BF5D100B4EAB1 /* zadanie */,
				D03D7BD32A5BF5D200B4EAB1 /* zadanieTests */,
				D03D7BDD2A5BF5D200B4EAB1 /* zadanieUITests */,
			);
		};
/* End PBXProject section */

/* Begin PBXResourcesBuildPhase section */
		D03D7BC22A5BF5D100B4EAB1 /* Resources */ = {
			isa = PBXResourcesBuildPhase;
			buildActionMask = 2147483647;
			files = (
				D03D7BCF2A5BF5D200B4EAB1 /* Preview Assets.xcassets in Resources */,
				D03D7BCC2A5BF5D200B4EAB1 /* Assets.xcassets in Resources */,
			);
			runOnlyForDeploymentPostprocessing = 0;
		};
		D03D7BD22A5BF5D200B4EAB1 /* Resources */ = {
			isa = PBXResourcesBuildPhase;
			buildActionMask = 2147483647;
			files = (
			);
			runOnlyForDeploymentPostprocessing = 0;
		};
		D03D7BDC2A5BF5D200B4EAB1 /* Resources */ = {
			isa = PBXResourcesBuildPhase;
			buildActionMask = 2147483647;
			files = (
			);
			runOnlyForDeploymentPostprocessing = 0;
		};
/* End PBXResourcesBuildPhase section */

/* Begin PBXSourcesBuildPhase section */
		D03D7BC02A5BF5D100B4EAB1 /* Sources */ = {
			isa = PBXSourcesBuildPhase;
			buildActionMask = 2147483647;
			files = (
				D03D7BC82A5BF5D100B4EAB1 /* zadanieApp.swift in Sources */,
				D081FEF12A5C036100D21D5F /* Product.swift in Sources */,
				D081FEF92A5C03FE00D21D5F /* NetworkManager.swift in Sources */,
				D081FEF32A5C038900D21D5F /* Category.swift in Sources */,
				D081FEF52A5C03C600D21D5F /* ProductListView.swift in Sources */,
				D081FEFB2A5C043000D21D5F /* ProductListViewModel.swift in Sources */,
				D081FEF72A5C03DE00D21D5F /* ProductDetailView.swift in Sources */,
				D081FEFD2A5C045000D21D5F /* ProductDetailViewModel.swift in Sources */,
			);
			runOnlyForDeploymentPostprocessing = 0;
		};
		D03D7BD02A5BF5D200B4EAB1 /* Sources */ = {
			isa = PBXSourcesBuildPhase;
			buildActionMask = 2147483647;
			files = (
				D03D7BD92A5BF5D200B4EAB1 /* zadanieTests.swift in Sources */,
			);
			runOnlyForDeploymentPostprocessing = 0;
		};
		D03D7BDA2A5BF5D200B4EAB1 /* Sources */ = {
			isa = PBXSourcesBuildPhase;
			buildActionMask = 2147483647;
			files = (
				D03D7BE32A5BF5D200B4EAB1 /* zadanieUITests.swift in Sources */,
				D03D7BE52A5BF5D200B4EAB1 /* zadanieUITestsLaunchTests.swift in Sources */,
			);
			runOnlyForDeploymentPostprocessing = 0;
		};
/* End PBXSourcesBuildPhase section */

/* Begin PBXTargetDependency section */
		D03D7BD62A5BF5D200B4EAB1 /* PBXTargetDependency */ = {
			isa = PBXTargetDependency;
			target = D03D7BC32A5BF5D100B4EAB1 /* zadanie */;
			targetProxy = D03D7BD52A5BF5D200B4EAB1 /* PBXContainerItemProxy */;
		};
		D03D7BE02A5BF5D200B4EAB1 /* PBXTargetDependency */ = {
			isa = PBXTargetDependency;
			target = D03D7BC32A5BF5D100B4EAB1 /* zadanie */;
			targetProxy = D03D7BDF2A5BF5D200B4EAB1 /* PBXContainerItemProxy */;
		};
/* End PBXTargetDependency section */

/* Begin XCBuildConfiguration section */
		D03D7BE62A5BF5D200B4EAB1 /* Debug */ = {
			isa = XCBuildConfiguration;
			buildSettings = {
				ALWAYS_SEARCH_USER_PATHS = NO;
				CLANG_ANALYZER_NONNULL = YES;
				CLANG_ANALYZER_NUMBER_OBJECT_CONVERSION = YES_AGGRESSIVE;
				CLANG_CXX_LANGUAGE_STANDARD = "gnu++20";
				CLANG_ENABLE_MODULES = YES;
				CLANG_ENABLE_OBJC_ARC = YES;
				CLANG_ENABLE_OBJC_WEAK = YES;
				CLANG_WARN_BLOCK_CAPTURE_AUTORELEASING = YES;
				CLANG_WARN_BOOL_CONVERSION = YES;
				CLANG_WARN_COMMA = YES;
				CLANG_WARN_CONSTANT_CONVERSION = YES;
				CLANG_WARN_DEPRECATED_OBJC_IMPLEMENTATIONS = YES;
				CLANG_WARN_DIRECT_OBJC_ISA_USAGE = YES_ERROR;
				CLANG_WARN_DOCUMENTATION_COMMENTS = YES;
				CLANG_WARN_EMPTY_BODY = YES;
				CLANG_WARN_ENUM_CONVERSION = YES;
				CLANG_WARN_INFINITE_RECURSION = YES;
				CLANG_WARN_INT_CONVERSION = YES;
				CLANG_WARN_NON_LITERAL_NULL_CONVERSION = YES;
				CLANG_WARN_OBJC_IMPLICIT_RETAIN_SELF = YES;
				CLANG_WARN_OBJC_LITERAL_CONVERSION = YES;
				CLANG_WARN_OBJC_ROOT_CLASS = YES_ERROR;
				CLANG_WARN_QUOTED_INCLUDE_IN_FRAMEWORK_HEADER = YES;
				CLANG_WARN_RANGE_LOOP_ANALYSIS = YES;
				CLANG_WARN_STRICT_PROTOTYPES = YES;
				CLANG_WARN_SUSPICIOUS_MOVE = YES;
				CLANG_WARN_UNGUARDED_AVAILABILITY = YES_AGGRESSIVE;
				CLANG_WARN_UNREACHABLE_CODE = YES;
				CLANG_WARN__DUPLICATE_METHOD_MATCH = YES;
				COPY_PHASE_STRIP = NO;
				DEBUG_INFORMATION_FORMAT = dwarf;
				ENABLE_STRICT_OBJC_MSGSEND = YES;
				ENABLE_TESTABILITY = YES;
				GCC_C_LANGUAGE_STANDARD = gnu11;
				GCC_DYNAMIC_NO_PIC = NO;
				GCC_NO_COMMON_BLOCKS = YES;
				GCC_OPTIMIZATION_LEVEL = 0;
				GCC_PREPROCESSOR_DEFINITIONS = (
					"DEBUG=1",
					"$(inherited)",
				);
				GCC_WARN_64_TO_32_BIT_CONVERSION = YES;
				GCC_WARN_ABOUT_RETURN_TYPE = YES_ERROR;
				GCC_WARN_UNDECLARED_SELECTOR = YES;
				GCC_WARN_UNINITIALIZED_AUTOS = YES_AGGRESSIVE;
				GCC_WARN_UNUSED_FUNCTION = YES;
				GCC_WARN_UNUSED_VARIABLE = YES;
				IPHONEOS_DEPLOYMENT_TARGET = 16.4;
				MTL_ENABLE_DEBUG_INFO = INCLUDE_SOURCE;
				MTL_FAST_MATH = YES;
				ONLY_ACTIVE_ARCH = YES;
				SDKROOT = iphoneos;
				SWIFT_ACTIVE_COMPILATION_CONDITIONS = DEBUG;
				SWIFT_OPTIMIZATION_LEVEL = "-Onone";
			};
			name = Debug;
		};
		D03D7BE72A5BF5D200B4EAB1 /* Release */ = {
			isa = XCBuildConfiguration;
			buildSettings = {
				ALWAYS_SEARCH_USER_PATHS = NO;
				CLANG_ANALYZER_NONNULL = YES;
				CLANG_ANALYZER_NUMBER_OBJECT_CONVERSION = YES_AGGRESSIVE;
				CLANG_CXX_LANGUAGE_STANDARD = "gnu++20";
				CLANG_ENABLE_MODULES = YES;
				CLANG_ENABLE_OBJC_ARC = YES;
				CLANG_ENABLE_OBJC_WEAK = YES;
				CLANG_WARN_BLOCK_CAPTURE_AUTORELEASING = YES;
				CLANG_WARN_BOOL_CONVERSION = YES;
				CLANG_WARN_COMMA = YES;
				CLANG_WARN_CONSTANT_CONVERSION = YES;
				CLANG_WARN_DEPRECATED_OBJC_IMPLEMENTATIONS = YES;
				CLANG_WARN_DIRECT_OBJC_ISA_USAGE = YES_ERROR;
				CLANG_WARN_DOCUMENTATION_COMMENTS = YES;
				CLANG_WARN_EMPTY_BODY = YES;
				CLANG_WARN_ENUM_CONVERSION = YES;
				CLANG_WARN_INFINITE_RECURSION = YES;
				CLANG_WARN_INT_CONVERSION = YES;
				CLANG_WARN_NON_LITERAL_NULL_CONVERSION = YES;
				CLANG_WARN_OBJC_IMPLICIT_RETAIN_SELF = YES;
				CLANG_WARN_OBJC_LITERAL_CONVERSION = YES;
				CLANG_WARN_OBJC_ROOT_CLASS = YES_ERROR;
				CLANG_WARN_QUOTED_INCLUDE_IN_FRAMEWORK_HEADER = YES;
				CLANG_WARN_RANGE_LOOP_ANALYSIS = YES;
				CLANG_WARN_STRICT_PROTOTYPES = YES;
				CLANG_WARN_SUSPICIOUS_MOVE = YES;
				CLANG_WARN_UNGUARDED_AVAILABILITY = YES_AGGRESSIVE;
				CLANG_WARN_UNREACHABLE_CODE = YES;
				CLANG_WARN__DUPLICATE_METHOD_MATCH = YES;
				COPY_PHASE_STRIP = NO;
				DEBUG_INFORMATION_FORMAT = "dwarf-with-dsym";
				ENABLE_NS_ASSERTIONS = NO;
				ENABLE_STRICT_OBJC_MSGSEND = YES;
				GCC_C_LANGUAGE_STANDARD = gnu11;
				GCC_NO_COMMON_BLOCKS = YES;
				GCC_WARN_64_TO_32_BIT_CONVERSION = YES;
				GCC_WARN_ABOUT_RETURN_TYPE = YES_ERROR;
				GCC_WARN_UNDECLARED_SELECTOR = YES;
				GCC_WARN_UNINITIALIZED_AUTOS = YES_AGGRESSIVE;
				GCC_WARN_UNUSED_FUNCTION = YES;
				GCC_WARN_UNUSED_VARIABLE = YES;
				IPHONEOS_DEPLOYMENT_TARGET = 16.4;
				MTL_ENABLE_DEBUG_INFO = NO;
				MTL_FAST_MATH = YES;
				SDKROOT = iphoneos;
				SWIFT_COMPILATION_MODE = wholemodule;
				SWIFT_OPTIMIZATION_LEVEL = "-O";
				VALIDATE_PRODUCT = YES;
			};
			name = Release;
		};
		D03D7BE92A5BF5D200B4EAB1 /* Debug */ = {
			isa = XCBuildConfiguration;
			buildSettings = {
				ASSETCATALOG_COMPILER_APPICON_NAME = AppIcon;
				ASSETCATALOG_COMPILER_GLOBAL_ACCENT_COLOR_NAME = AccentColor;
				CODE_SIGN_STYLE = Automatic;
				CURRENT_PROJECT_VERSION = 1;
				DEVELOPMENT_ASSET_PATHS = "\"zadanie/Preview Content\"";
				DEVELOPMENT_TEAM = Q47UN765KL;
				ENABLE_PREVIEWS = YES;
				GENERATE_INFOPLIST_FILE = YES;
				INFOPLIST_KEY_UIApplicationSceneManifest_Generation = YES;
				INFOPLIST_KEY_UIApplicationSupportsIndirectInputEvents = YES;
				INFOPLIST_KEY_UILaunchScreen_Generation = YES;
				INFOPLIST_KEY_UISupportedInterfaceOrientations_iPad = "UIInterfaceOrientationPortrait UIInterfaceOrientationPortraitUpsideDown UIInterfaceOrientationLandscapeLeft UIInterfaceOrientationLandscapeRight";
				INFOPLIST_KEY_UISupportedInterfaceOrientations_iPhone = "UIInterfaceOrientationPortrait UIInterfaceOrientationLandscapeLeft UIInterfaceOrientationLandscapeRight";
				LD_RUNPATH_SEARCH_PATHS = (
					"$(inherited)",
					"@executable_path/Frameworks",
				);
				MARKETING_VERSION = 1.0;
				PRODUCT_BUNDLE_IDENTIFIER = peter.osusky.zadanie;
				PRODUCT_NAME = "$(TARGET_NAME)";
				SWIFT_EMIT_LOC_STRINGS = YES;
				SWIFT_VERSION = 5.0;
				TARGETED_DEVICE_FAMILY = "1,2";
			};
			name = Debug;
		};
		D03D7BEA2A5BF5D200B4EAB1 /* Release */ = {
			isa = XCBuildConfiguration;
			buildSettings = {
				ASSETCATALOG_COMPILER_APPICON_NAME = AppIcon;
				ASSETCATALOG_COMPILER_GLOBAL_ACCENT_COLOR_NAME = AccentColor;
				CODE_SIGN_STYLE = Automatic;
				CURRENT_PROJECT_VERSION = 1;
				DEVELOPMENT_ASSET_PATHS = "\"zadanie/Preview Content\"";
				DEVELOPMENT_TEAM = Q47UN765KL;
				ENABLE_PREVIEWS = YES;
				GENERATE_INFOPLIST_FILE = YES;
				INFOPLIST_KEY_UIApplicationSceneManifest_Generation = YES;
				INFOPLIST_KEY_UIApplicationSupportsIndirectInputEvents = YES;
				INFOPLIST_KEY_UILaunchScreen_Generation = YES;
				INFOPLIST_KEY_UISupportedInterfaceOrientations_iPad = "UIInterfaceOrientationPortrait UIInterfaceOrientationPortraitUpsideDown UIInterfaceOrientationLandscapeLeft UIInterfaceOrientationLandscapeRight";
				INFOPLIST_KEY_UISupportedInterfaceOrientations_iPhone = "UIInterfaceOrientationPortrait UIInterfaceOrientationLandscapeLeft UIInterfaceOrientationLandscapeRight";
				LD_RUNPATH_SEARCH_PATHS = (
					"$(inherited)",
					"@executable_path/Frameworks",
				);
				MARKETING_VERSION = 1.0;
				PRODUCT_BUNDLE_IDENTIFIER = peter.osusky.zadanie;
				PRODUCT_NAME = "$(TARGET_NAME)";
				SWIFT_EMIT_LOC_STRINGS = YES;
				SWIFT_VERSION = 5.0;
				TARGETED_DEVICE_FAMILY = "1,2";
			};
			name = Release;
		};
		D03D7BEC2A5BF5D200B4EAB1 /* Debug */ = {
			isa = XCBuildConfiguration;
			buildSettings = {
				ALWAYS_EMBED_SWIFT_STANDARD_LIBRARIES = YES;
				BUNDLE_LOADER = "$(TEST_HOST)";
				CODE_SIGN_STYLE = Automatic;
				CURRENT_PROJECT_VERSION = 1;
				DEVELOPMENT_TEAM = Q47UN765KL;
				GENERATE_INFOPLIST_FILE = YES;
				IPHONEOS_DEPLOYMENT_TARGET = 16.4;
				MARKETING_VERSION = 1.0;
				PRODUCT_BUNDLE_IDENTIFIER = peter.osusky.zadanieTests;
				PRODUCT_NAME = "$(TARGET_NAME)";
				SWIFT_EMIT_LOC_STRINGS = NO;
				SWIFT_VERSION = 5.0;
				TARGETED_DEVICE_FAMILY = "1,2";
				TEST_HOST = "$(BUILT_PRODUCTS_DIR)/zadanie.app/$(BUNDLE_EXECUTABLE_FOLDER_PATH)/zadanie";
			};
			name = Debug;
		};
		D03D7BED2A5BF5D200B4EAB1 /* Release */ = {
			isa = XCBuildConfiguration;
			buildSettings = {
				ALWAYS_EMBED_SWIFT_STANDARD_LIBRARIES = YES;
				BUNDLE_LOADER = "$(TEST_HOST)";
				CODE_SIGN_STYLE = Automatic;
				CURRENT_PROJECT_VERSION = 1;
				DEVELOPMENT_TEAM = Q47UN765KL;
				GENERATE_INFOPLIST_FILE = YES;
				IPHONEOS_DEPLOYMENT_TARGET = 16.4;
				MARKETING_VERSION = 1.0;
				PRODUCT_BUNDLE_IDENTIFIER = peter.osusky.zadanieTests;
				PRODUCT_NAME = "$(TARGET_NAME)";
				SWIFT_EMIT_LOC_STRINGS = NO;
				SWIFT_VERSION = 5.0;
				TARGETED_DEVICE_FAMILY = "1,2";
				TEST_HOST = "$(BUILT_PRODUCTS_DIR)/zadanie.app/$(BUNDLE_EXECUTABLE_FOLDER_PATH)/zadanie";
			};
			name = Release;
		};
		D03D7BEF2A5BF5D200B4EAB1 /* Debug */ = {
			isa = XCBuildConfiguration;
			buildSettings = {
				ALWAYS_EMBED_SWIFT_STANDARD_LIBRARIES = YES;
				CODE_SIGN_STYLE = Automatic;
				CURRENT_PROJECT_VERSION = 1;
				DEVELOPMENT_TEAM = Q47UN765KL;
				GENERATE_INFOPLIST_FILE = YES;
				MARKETING_VERSION = 1.0;
				PRODUCT_BUNDLE_IDENTIFIER = peter.osusky.zadanieUITests;
				PRODUCT_NAME = "$(TARGET_NAME)";
				SWIFT_EMIT_LOC_STRINGS = NO;
				SWIFT_VERSION = 5.0;
				TARGETED_DEVICE_FAMILY = "1,2";
				TEST_TARGET_NAME = zadanie;
			};
			name = Debug;
		};
		D03D7BF02A5BF5D200B4EAB1 /* Release */ = {
			isa = XCBuildConfiguration;
			buildSettings = {
				ALWAYS_EMBED_SWIFT_STANDARD_LIBRARIES = YES;
				CODE_SIGN_STYLE = Automatic;
				CURRENT_PROJECT_VERSION = 1;
				DEVELOPMENT_TEAM = Q47UN765KL;
				GENERATE_INFOPLIST_FILE = YES;
				MARKETING_VERSION = 1.0;
				PRODUCT_BUNDLE_IDENTIFIER = peter.osusky.zadanieUITests;
				PRODUCT_NAME = "$(TARGET_NAME)";
				SWIFT_EMIT_LOC_STRINGS = NO;
				SWIFT_VERSION = 5.0;
				TARGETED_DEVICE_FAMILY = "1,2";
				TEST_TARGET_NAME = zadanie;
			};
			name = Release;
		};
/* End XCBuildConfiguration section */

/* Begin XCConfigurationList section */
		D03D7BBF2A5BF5D100B4EAB1 /* Build configuration list for PBXProject "zadanie" */ = {
			isa = XCConfigurationList;
			buildConfigurations = (
				D03D7BE62A5BF5D200B4EAB1 /* Debug */,
				D03D7BE72A5BF5D200B4EAB1 /* Release */,
			);
			defaultConfigurationIsVisible = 0;
			defaultConfigurationName = Release;
		};
		D03D7BE82A5BF5D200B4EAB1 /* Build configuration list for PBXNativeTarget "zadanie" */ = {
			isa = XCConfigurationList;
			buildConfigurations = (
				D03D7BE92A5BF5D200B4EAB1 /* Debug */,
				D03D7BEA2A5BF5D200B4EAB1 /* Release */,
			);
			defaultConfigurationIsVisible = 0;
			defaultConfigurationName = Release;
		};
		D03D7BEB2A5BF5D200B4EAB1 /* Build configuration list for PBXNativeTarget "zadanieTests" */ = {
			isa = XCConfigurationList;
			buildConfigurations = (
				D03D7BEC2A5BF5D200B4EAB1 /* Debug */,
				D03D7BED2A5BF5D200B4EAB1 /* Release */,
			);
			defaultConfigurationIsVisible = 0;
			defaultConfigurationName = Release;
		};
		D03D7BEE2A5BF5D200B4EAB1 /* Build configuration list for PBXNativeTarget "zadanieUITests" */ = {
			isa = XCConfigurationList;
			buildConfigurations = (
				D03D7BEF2A5BF5D200B4EAB1 /* Debug */,
				D03D7BF02A5BF5D200B4EAB1 /* Release */,
			);
			defaultConfigurationIsVisible = 0;
			defaultConfigurationName = Release;
		};
/* End XCConfigurationList section */

/* Begin XCRemoteSwiftPackageReference section */
		D081FEFE2A5C051D00D21D5F /* XCRemoteSwiftPackageReference "Alamofire" */ = {
			isa = XCRemoteSwiftPackageReference;
			repositoryURL = "https://github.com/Alamofire/Alamofire.git";
			requirement = {
				kind = upToNextMajorVersion;
				minimumVersion = 5.0.0;
			};
		};
		D096C1962A5C42B900EE842E /* XCRemoteSwiftPackageReference "PromiseKit" */ = {
			isa = XCRemoteSwiftPackageReference;
			repositoryURL = "git@github.com:mxcl/PromiseKit.git";
			requirement = {
				kind = upToNextMajorVersion;
				minimumVersion = 8.0.0;
			};
		};
/* End XCRemoteSwiftPackageReference section */

/* Begin XCSwiftPackageProductDependency section */
		D081FEFF2A5C051D00D21D5F /* Alamofire */ = {
			isa = XCSwiftPackageProductDependency;
			package = D081FEFE2A5C051D00D21D5F /* XCRemoteSwiftPackageReference "Alamofire" */;
			productName = Alamofire;
		};
		D096C1972A5C42B900EE842E /* PromiseKit */ = {
			isa = XCSwiftPackageProductDependency;
			package = D096C1962A5C42B900EE842E /* XCRemoteSwiftPackageReference "PromiseKit" */;
			productName = PromiseKit;
		};
/* End XCSwiftPackageProductDependency section */
	};
	rootObject = D03D7BBC2A5BF5D100B4EAB1 /* Project object */;
}
